
Microsoft Visual Studio Solution File, Format Version 12.00
# Visual Studio 14
VisualStudioVersion = 14.0.25420.1
MinimumVisualStudioVersion = 10.0.40219.1
Project("{FAE04EC0-301F-11D3-BF4B-00C04F79EFBC}") = "HealthCalculator.Web", "HealthCalculator.Web\HealthCalculator.Web.csproj", "{B0CB8CD1-4B6B-460F-8656-A280C483539D}"
	ProjectSection(ProjectDependencies) = postProject
		{D03EB61E-0B92-4901-BCC2-AFF54CCC4DC5} = {D03EB61E-0B92-4901-BCC2-AFF54CCC4DC5}
		{FEE3E288-AA86-429A-B0E4-60E61D1485EE} = {FEE3E288-AA86-429A-B0E4-60E61D1485EE}
		{116BC4EE-18E6-4092-B34E-3AEFC81BB1E2} = {116BC4EE-18E6-4092-B34E-3AEFC81BB1E2}
	EndProjectSection
EndProject
Project("{FAE04EC0-301F-11D3-BF4B-00C04F79EFBC}") = "HealthCalculator.Web.Service", "HealthCalculator.Web.Service\HealthCalculator.Web.Service.csproj", "{116BC4EE-18E6-4092-B34E-3AEFC81BB1E2}"
	ProjectSection(ProjectDependencies) = postProject
		{D03EB61E-0B92-4901-BCC2-AFF54CCC4DC5} = {D03EB61E-0B92-4901-BCC2-AFF54CCC4DC5}
		{FEE3E288-AA86-429A-B0E4-60E61D1485EE} = {FEE3E288-AA86-429A-B0E4-60E61D1485EE}
	EndProjectSection
EndProject
Project("{FAE04EC0-301F-11D3-BF4B-00C04F79EFBC}") = "HealthCalculator.Web.EntityModel", "HealthCalculator.Web.EntityModel\HealthCalculator.Web.EntityModel.csproj", "{D03EB61E-0B92-4901-BCC2-AFF54CCC4DC5}"
EndProject
Project("{FAE04EC0-301F-11D3-BF4B-00C04F79EFBC}") = "HealthCalculator.Web.Common", "HealthCalculator.Web.Common\HealthCalculator.Web.Common.csproj", "{FEE3E288-AA86-429A-B0E4-60E61D1485EE}"
EndProject
Global
	GlobalSection(SolutionConfigurationPlatforms) = preSolution
		Debug|Any CPU = Debug|Any CPU
		Release|Any CPU = Release|Any CPU
	EndGlobalSection
	GlobalSection(ProjectConfigurationPlatforms) = postSolution
		{B0CB8CD1-4B6B-460F-8656-A280C483539D}.Debug|Any CPU.ActiveCfg = Debug|Any CPU
		{B0CB8CD1-4B6B-460F-8656-A280C483539D}.Debug|Any CPU.Build.0 = Debug|Any CPU
		{B0CB8CD1-4B6B-460F-8656-A280C483539D}.Release|Any CPU.ActiveCfg = Release|Any CPU
		{B0CB8CD1-4B6B-460F-8656-A280C483539D}.Release|Any CPU.Build.0 = Release|Any CPU
		{116BC4EE-18E6-4092-B34E-3AEFC81BB1E2}.Debug|Any CPU.ActiveCfg = Debug|Any CPU
		{116BC4EE-18E6-4092-B34E-3AEFC81BB1E2}.Debug|Any CPU.Build.0 = Debug|Any CPU
		{116BC4EE-18E6-4092-B34E-3AEFC81BB1E2}.Release|Any CPU.ActiveCfg = Release|Any CPU
		{116BC4EE-18E6-4092-B34E-3AEFC81BB1E2}.Release|Any CPU.Build.0 = Release|Any CPU
		{D03EB61E-0B92-4901-BCC2-AFF54CCC4DC5}.Debug|Any CPU.ActiveCfg = Debug|Any CPU
		{D03EB61E-0B92-4901-BCC2-AFF54CCC4DC5}.Debug|Any CPU.Build.0 = Debug|Any CPU
		{D03EB61E-0B92-4901-BCC2-AFF54CCC4DC5}.Release|Any CPU.ActiveCfg = Release|Any CPU
		{D03EB61E-0B92-4901-BCC2-AFF54CCC4DC5}.Release|Any CPU.Build.0 = Release|Any CPU
		{FEE3E288-AA86-429A-B0E4-60E61D1485EE}.Debug|Any CPU.ActiveCfg = Debug|Any CPU
		{FEE3E288-AA86-429A-B0E4-60E61D1485EE}.Debug|Any CPU.Build.0 = Debug|Any CPU
		{FEE3E288-AA86-429A-B0E4-60E61D1485EE}.Release|Any CPU.ActiveCfg = Release|Any CPU
		{FEE3E288-AA86-429A-B0E4-60E61D1485EE}.Release|Any CPU.Build.0 = Release|Any CPU
	EndGlobalSection
	GlobalSection(SolutionProperties) = preSolution
		HideSolutionNode = FALSE
	EndGlobalSection
EndGlobal
